
Microsoft Visual Studio Solution File, Format Version 12.00
# Visual Studio Version 17
VisualStudioVersion = 17.5.002.0
MinimumVisualStudioVersion = 10.0.40219.1
Project("{9A19103F-16F7-4668-BE54-9A1E7A4F7556}") = "WebApi.Comuni", "WebApi.Comuni\WebApi.Comuni.csproj", "{FED1F8C7-FF34-4934-972C-893C1A57985B}"
EndProject
Global
	GlobalSection(SolutionConfigurationPlatforms) = preSolution
		Debug|Any CPU = Debug|Any CPU
		Release|Any CPU = Release|Any CPU
	EndGlobalSection
	GlobalSection(ProjectConfigurationPlatforms) = postSolution
		{FED1F8C7-FF34-4934-972C-893C1A57985B}.Debug|Any CPU.ActiveCfg = Debug|Any CPU
		{FED1F8C7-FF34-4934-972C-893C1A57985B}.Debug|Any CPU.Build.0 = Debug|Any CPU
		{FED1F8C7-FF34-4934-972C-893C1A57985B}.Release|Any CPU.ActiveCfg = Release|Any CPU
		{FED1F8C7-FF34-4934-972C-893C1A57985B}.Release|Any CPU.Build.0 = Release|Any CPU
	EndGlobalSection
	GlobalSection(SolutionProperties) = preSolution
		HideSolutionNode = FALSE
	EndGlobalSection
	GlobalSection(ExtensibilityGlobals) = postSolution
		SolutionGuid = {91C1F8AD-764E-4D08-96FA-7BA556EAA557}
	EndGlobalSection
EndGlobal
